
Microsoft Visual Studio Solution File, Format Version 12.00
# Visual Studio 15
VisualStudioVersion = 15.0.27004.2006
MinimumVisualStudioVersion = 10.0.40219.1
Project("{9A19103F-16F7-4668-BE54-9A1E7A4F7556}") = "GenericBox", "GenericBox\GenericBox.csproj", "{DF0C1E0D-B080-4986-97BE-9F3B9022D360}"
EndProject
Project("{9A19103F-16F7-4668-BE54-9A1E7A4F7556}") = "GenericSwapMethod", "GenericSwapMethod\GenericSwapMethod.csproj", "{B64F97D9-7E37-4430-9705-8C5D5A25F9F0}"
EndProject
Project("{9A19103F-16F7-4668-BE54-9A1E7A4F7556}") = "GenericCountMethod", "GenericCountMethod\GenericCountMethod.csproj", "{81DC07BF-0A42-46DB-9D31-8D8E48348289}"
EndProject
Project("{9A19103F-16F7-4668-BE54-9A1E7A4F7556}") = "CustomList", "CustomList\CustomList.csproj", "{7697FFC6-6099-41F5-943C-658E290C869A}"
EndProject
Project("{FAE04EC0-301F-11D3-BF4B-00C04F79EFBC}") = "Tuple", "Tuple\Tuple.csproj", "{4B872DF6-BBD7-4D97-ACC2-5A84E784C71E}"
EndProject
Global
	GlobalSection(SolutionConfigurationPlatforms) = preSolution
		Debug|Any CPU = Debug|Any CPU
		Release|Any CPU = Release|Any CPU
	EndGlobalSection
	GlobalSection(ProjectConfigurationPlatforms) = postSolution
		{DF0C1E0D-B080-4986-97BE-9F3B9022D360}.Debug|Any CPU.ActiveCfg = Debug|Any CPU
		{DF0C1E0D-B080-4986-97BE-9F3B9022D360}.Debug|Any CPU.Build.0 = Debug|Any CPU
		{DF0C1E0D-B080-4986-97BE-9F3B9022D360}.Release|Any CPU.ActiveCfg = Release|Any CPU
		{DF0C1E0D-B080-4986-97BE-9F3B9022D360}.Release|Any CPU.Build.0 = Release|Any CPU
		{B64F97D9-7E37-4430-9705-8C5D5A25F9F0}.Debug|Any CPU.ActiveCfg = Debug|Any CPU
		{B64F97D9-7E37-4430-9705-8C5D5A25F9F0}.Debug|Any CPU.Build.0 = Debug|Any CPU
		{B64F97D9-7E37-4430-9705-8C5D5A25F9F0}.Release|Any CPU.ActiveCfg = Release|Any CPU
		{B64F97D9-7E37-4430-9705-8C5D5A25F9F0}.Release|Any CPU.Build.0 = Release|Any CPU
		{81DC07BF-0A42-46DB-9D31-8D8E48348289}.Debug|Any CPU.ActiveCfg = Debug|Any CPU
		{81DC07BF-0A42-46DB-9D31-8D8E48348289}.Debug|Any CPU.Build.0 = Debug|Any CPU
		{81DC07BF-0A42-46DB-9D31-8D8E48348289}.Release|Any CPU.ActiveCfg = Release|Any CPU
		{81DC07BF-0A42-46DB-9D31-8D8E48348289}.Release|Any CPU.Build.0 = Release|Any CPU
		{7697FFC6-6099-41F5-943C-658E290C869A}.Debug|Any CPU.ActiveCfg = Debug|Any CPU
		{7697FFC6-6099-41F5-943C-658E290C869A}.Debug|Any CPU.Build.0 = Debug|Any CPU
		{7697FFC6-6099-41F5-943C-658E290C869A}.Release|Any CPU.ActiveCfg = Release|Any CPU
		{7697FFC6-6099-41F5-943C-658E290C869A}.Release|Any CPU.Build.0 = Release|Any CPU
		{4B872DF6-BBD7-4D97-ACC2-5A84E784C71E}.Debug|Any CPU.ActiveCfg = Debug|Any CPU
		{4B872DF6-BBD7-4D97-ACC2-5A84E784C71E}.Debug|Any CPU.Build.0 = Debug|Any CPU
		{4B872DF6-BBD7-4D97-ACC2-5A84E784C71E}.Release|Any CPU.ActiveCfg = Release|Any CPU
		{4B872DF6-BBD7-4D97-ACC2-5A84E784C71E}.Release|Any CPU.Build.0 = Release|Any CPU
	EndGlobalSection
	GlobalSection(SolutionProperties) = preSolution
		HideSolutionNode = FALSE
	EndGlobalSection
	GlobalSection(ExtensibilityGlobals) = postSolution
		SolutionGuid = {9C74F3D5-BCDA-4705-9944-9E1AE74952F9}
	EndGlobalSection
EndGlobal
