
Microsoft Visual Studio Solution File, Format Version 12.00
# Visual Studio 15
VisualStudioVersion = 15.0.27004.2006
MinimumVisualStudioVersion = 10.0.40219.1
Project("{FAE04EC0-301F-11D3-BF4B-00C04F79EFBC}") = "CustomEvent", "CustomEvent\CustomEvent.csproj", "{87C1892B-7184-43D0-BA31-C545268AFA98}"
EndProject
Project("{FAE04EC0-301F-11D3-BF4B-00C04F79EFBC}") = "KingGambit", "KingGambit\KingGambit.csproj", "{C9D62831-DE78-4089-B513-A82960B5451E}"
EndProject
Project("{FAE04EC0-301F-11D3-BF4B-00C04F79EFBC}") = "DependencyInversion", "DependencyInversion\DependencyInversion.csproj", "{A626E923-47DC-43C8-86C1-17A355FDEDE6}"
EndProject
Project("{FAE04EC0-301F-11D3-BF4B-00C04F79EFBC}") = "WorkForce", "WorkForce\WorkForce.csproj", "{E662577A-3C63-452D-BCF6-CC57E798BD22}"
EndProject
Global
	GlobalSection(SolutionConfigurationPlatforms) = preSolution
		Debug|Any CPU = Debug|Any CPU
		Release|Any CPU = Release|Any CPU
	EndGlobalSection
	GlobalSection(ProjectConfigurationPlatforms) = postSolution
		{87C1892B-7184-43D0-BA31-C545268AFA98}.Debug|Any CPU.ActiveCfg = Debug|Any CPU
		{87C1892B-7184-43D0-BA31-C545268AFA98}.Debug|Any CPU.Build.0 = Debug|Any CPU
		{87C1892B-7184-43D0-BA31-C545268AFA98}.Release|Any CPU.ActiveCfg = Release|Any CPU
		{87C1892B-7184-43D0-BA31-C545268AFA98}.Release|Any CPU.Build.0 = Release|Any CPU
		{C9D62831-DE78-4089-B513-A82960B5451E}.Debug|Any CPU.ActiveCfg = Debug|Any CPU
		{C9D62831-DE78-4089-B513-A82960B5451E}.Debug|Any CPU.Build.0 = Debug|Any CPU
		{C9D62831-DE78-4089-B513-A82960B5451E}.Release|Any CPU.ActiveCfg = Release|Any CPU
		{C9D62831-DE78-4089-B513-A82960B5451E}.Release|Any CPU.Build.0 = Release|Any CPU
		{A626E923-47DC-43C8-86C1-17A355FDEDE6}.Debug|Any CPU.ActiveCfg = Debug|Any CPU
		{A626E923-47DC-43C8-86C1-17A355FDEDE6}.Debug|Any CPU.Build.0 = Debug|Any CPU
		{A626E923-47DC-43C8-86C1-17A355FDEDE6}.Release|Any CPU.ActiveCfg = Release|Any CPU
		{A626E923-47DC-43C8-86C1-17A355FDEDE6}.Release|Any CPU.Build.0 = Release|Any CPU
		{E662577A-3C63-452D-BCF6-CC57E798BD22}.Debug|Any CPU.ActiveCfg = Debug|Any CPU
		{E662577A-3C63-452D-BCF6-CC57E798BD22}.Debug|Any CPU.Build.0 = Debug|Any CPU
		{E662577A-3C63-452D-BCF6-CC57E798BD22}.Release|Any CPU.ActiveCfg = Release|Any CPU
		{E662577A-3C63-452D-BCF6-CC57E798BD22}.Release|Any CPU.Build.0 = Release|Any CPU
	EndGlobalSection
	GlobalSection(SolutionProperties) = preSolution
		HideSolutionNode = FALSE
	EndGlobalSection
	GlobalSection(ExtensibilityGlobals) = postSolution
		SolutionGuid = {59E00E35-C320-4724-A427-8AA0960D9DE0}
	EndGlobalSection
EndGlobal
